
Microsoft Visual Studio Solution File, Format Version 12.00
# Visual Studio 15
VisualStudioVersion = 15.0.28307.106
MinimumVisualStudioVersion = 10.0.40219.1
Project("{FAE04EC0-301F-11D3-BF4B-00C04F79EFBC}") = "nowyproj", "nowyproj\nowyproj.csproj", "{404BB731-3DB4-4731-AE3A-854510D4945B}"
EndProject
Global
	GlobalSection(SolutionConfigurationPlatforms) = preSolution
		Debug|Any CPU = Debug|Any CPU
		Release|Any CPU = Release|Any CPU
	EndGlobalSection
	GlobalSection(ProjectConfigurationPlatforms) = postSolution
		{404BB731-3DB4-4731-AE3A-854510D4945B}.Debug|Any CPU.ActiveCfg = Debug|Any CPU
		{404BB731-3DB4-4731-AE3A-854510D4945B}.Debug|Any CPU.Build.0 = Debug|Any CPU
		{404BB731-3DB4-4731-AE3A-854510D4945B}.Release|Any CPU.ActiveCfg = Release|Any CPU
		{404BB731-3DB4-4731-AE3A-854510D4945B}.Release|Any CPU.Build.0 = Release|Any CPU
	EndGlobalSection
	GlobalSection(SolutionProperties) = preSolution
		HideSolutionNode = FALSE
	EndGlobalSection
	GlobalSection(ExtensibilityGlobals) = postSolution
		SolutionGuid = {C723597E-FBF6-462B-8C5F-05C832B46BFC}
	EndGlobalSection
EndGlobal
